
Microsoft Visual Studio Solution File, Format Version 12.00
# Visual Studio Version 17
VisualStudioVersion = 17.3.32804.467
MinimumVisualStudioVersion = 10.0.40219.1
Project("{FAE04EC0-301F-11D3-BF4B-00C04F79EFBC}") = "DataLayer", "DataLayer\DataLayer.csproj", "{163EDDAF-A6EB-4A84-97EE-C45FB730C344}"
EndProject
Project("{2150E333-8FDC-42A3-9474-1A3956D46DE8}") = "Solution Items", "Solution Items", "{6B425B55-9E18-4903-B7FC-6DF550862027}"
	ProjectSection(SolutionItems) = preProject
		.editorconfig = .editorconfig
	EndProjectSection
EndProject
Project("{FAE04EC0-301F-11D3-BF4B-00C04F79EFBC}") = "BLL", "BLL\BLL.csproj", "{988001B8-A742-440C-AE86-0B9FB92A65E5}"
EndProject
Global
	GlobalSection(SolutionConfigurationPlatforms) = preSolution
		Debug|Any CPU = Debug|Any CPU
		Release|Any CPU = Release|Any CPU
	EndGlobalSection
	GlobalSection(ProjectConfigurationPlatforms) = postSolution
		{163EDDAF-A6EB-4A84-97EE-C45FB730C344}.Debug|Any CPU.ActiveCfg = Debug|Any CPU
		{163EDDAF-A6EB-4A84-97EE-C45FB730C344}.Debug|Any CPU.Build.0 = Debug|Any CPU
		{163EDDAF-A6EB-4A84-97EE-C45FB730C344}.Release|Any CPU.ActiveCfg = Release|Any CPU
		{163EDDAF-A6EB-4A84-97EE-C45FB730C344}.Release|Any CPU.Build.0 = Release|Any CPU
		{988001B8-A742-440C-AE86-0B9FB92A65E5}.Debug|Any CPU.ActiveCfg = Debug|Any CPU
		{988001B8-A742-440C-AE86-0B9FB92A65E5}.Debug|Any CPU.Build.0 = Debug|Any CPU
		{988001B8-A742-440C-AE86-0B9FB92A65E5}.Release|Any CPU.ActiveCfg = Release|Any CPU
		{988001B8-A742-440C-AE86-0B9FB92A65E5}.Release|Any CPU.Build.0 = Release|Any CPU
	EndGlobalSection
	GlobalSection(SolutionProperties) = preSolution
		HideSolutionNode = FALSE
	EndGlobalSection
	GlobalSection(ExtensibilityGlobals) = postSolution
		SolutionGuid = {48175A48-F670-4F2F-AEA3-A7317FD4ED02}
	EndGlobalSection
EndGlobal
